
Microsoft Visual Studio Solution File, Format Version 12.00
# Visual Studio Version 16
VisualStudioVersion = 16.0.29613.14
MinimumVisualStudioVersion = 10.0.40219.1
Project("{FAE04EC0-301F-11D3-BF4B-00C04F79EFBC}") = "XamarinForms-SeFaireLesDents", "XamarinForms-SeFaireLesDents\XamarinForms-SeFaireLesDents.csproj", "{F446883E-CA7D-4A51-8979-59E1EA62313B}"
EndProject
Global
	GlobalSection(SolutionConfigurationPlatforms) = preSolution
		Debug|Any CPU = Debug|Any CPU
		Release|Any CPU = Release|Any CPU
	EndGlobalSection
	GlobalSection(ProjectConfigurationPlatforms) = postSolution
		{F446883E-CA7D-4A51-8979-59E1EA62313B}.Debug|Any CPU.ActiveCfg = Debug|Any CPU
		{F446883E-CA7D-4A51-8979-59E1EA62313B}.Debug|Any CPU.Build.0 = Debug|Any CPU
		{F446883E-CA7D-4A51-8979-59E1EA62313B}.Debug|Any CPU.Deploy.0 = Debug|Any CPU
		{F446883E-CA7D-4A51-8979-59E1EA62313B}.Release|Any CPU.ActiveCfg = Release|Any CPU
		{F446883E-CA7D-4A51-8979-59E1EA62313B}.Release|Any CPU.Build.0 = Release|Any CPU
		{F446883E-CA7D-4A51-8979-59E1EA62313B}.Release|Any CPU.Deploy.0 = Release|Any CPU
	EndGlobalSection
	GlobalSection(SolutionProperties) = preSolution
		HideSolutionNode = FALSE
	EndGlobalSection
	GlobalSection(ExtensibilityGlobals) = postSolution
		SolutionGuid = {3959696E-EC97-4FD5-9765-B47D2966562C}
	EndGlobalSection
EndGlobal
