
Microsoft Visual Studio Solution File, Format Version 12.00
# Visual Studio Version 16
VisualStudioVersion = 16.0.29411.108
MinimumVisualStudioVersion = 10.0.40219.1
Project("{FAE04EC0-301F-11D3-BF4B-00C04F79EFBC}") = "Robocode", "Robocode\Robocode.csproj", "{32B35990-D302-4B4D-A256-BEDC00E9C67E}"
EndProject
Project("{FAE04EC0-301F-11D3-BF4B-00C04F79EFBC}") = "Robots", "Robots\Robots.csproj", "{F6B45AD2-2861-4BCE-A36A-7DE844611D6E}"
EndProject
Project("{FAE04EC0-301F-11D3-BF4B-00C04F79EFBC}") = "CompetitionRobots", "CompetitionRobots\CompetitionRobots.csproj", "{887EC8F5-E28B-486C-AA47-BA6154DA2A19}"
EndProject
Global
	GlobalSection(SolutionConfigurationPlatforms) = preSolution
		Debug|Any CPU = Debug|Any CPU
		Release|Any CPU = Release|Any CPU
	EndGlobalSection
	GlobalSection(ProjectConfigurationPlatforms) = postSolution
		{32B35990-D302-4B4D-A256-BEDC00E9C67E}.Debug|Any CPU.ActiveCfg = Debug|Any CPU
		{32B35990-D302-4B4D-A256-BEDC00E9C67E}.Debug|Any CPU.Build.0 = Debug|Any CPU
		{32B35990-D302-4B4D-A256-BEDC00E9C67E}.Release|Any CPU.ActiveCfg = Release|Any CPU
		{32B35990-D302-4B4D-A256-BEDC00E9C67E}.Release|Any CPU.Build.0 = Release|Any CPU
		{F6B45AD2-2861-4BCE-A36A-7DE844611D6E}.Debug|Any CPU.ActiveCfg = Debug|Any CPU
		{F6B45AD2-2861-4BCE-A36A-7DE844611D6E}.Debug|Any CPU.Build.0 = Debug|Any CPU
		{F6B45AD2-2861-4BCE-A36A-7DE844611D6E}.Release|Any CPU.ActiveCfg = Release|Any CPU
		{F6B45AD2-2861-4BCE-A36A-7DE844611D6E}.Release|Any CPU.Build.0 = Release|Any CPU
		{887EC8F5-E28B-486C-AA47-BA6154DA2A19}.Debug|Any CPU.ActiveCfg = Debug|Any CPU
		{887EC8F5-E28B-486C-AA47-BA6154DA2A19}.Debug|Any CPU.Build.0 = Debug|Any CPU
		{887EC8F5-E28B-486C-AA47-BA6154DA2A19}.Release|Any CPU.ActiveCfg = Release|Any CPU
		{887EC8F5-E28B-486C-AA47-BA6154DA2A19}.Release|Any CPU.Build.0 = Release|Any CPU
	EndGlobalSection
	GlobalSection(SolutionProperties) = preSolution
		HideSolutionNode = FALSE
	EndGlobalSection
	GlobalSection(ExtensibilityGlobals) = postSolution
		SolutionGuid = {05F9FBD8-A951-42DA-BCC2-6A7EEF6F6B3B}
	EndGlobalSection
EndGlobal
